
Microsoft Visual Studio Solution File, Format Version 12.00
# Visual Studio 14
VisualStudioVersion = 14.0.25420.1
MinimumVisualStudioVersion = 10.0.40219.1
Project("{FAE04EC0-301F-11D3-BF4B-00C04F79EFBC}") = "CCReader", "CCReader\CCReader.csproj", "{0D308259-4675-4D28-A298-34137B15B98A}"
EndProject
Project("{FAE04EC0-301F-11D3-BF4B-00C04F79EFBC}") = "CCReaderTests", "CCReaderTests\CCReaderTests.csproj", "{4D65E2E6-001B-4ED2-85C8-B5BE226068EA}"
EndProject
Global
	GlobalSection(SolutionConfigurationPlatforms) = preSolution
		Debug|Any CPU = Debug|Any CPU
		Release|Any CPU = Release|Any CPU
	EndGlobalSection
	GlobalSection(ProjectConfigurationPlatforms) = postSolution
		{0D308259-4675-4D28-A298-34137B15B98A}.Debug|Any CPU.ActiveCfg = Debug|Any CPU
		{0D308259-4675-4D28-A298-34137B15B98A}.Debug|Any CPU.Build.0 = Debug|Any CPU
		{0D308259-4675-4D28-A298-34137B15B98A}.Release|Any CPU.ActiveCfg = Release|Any CPU
		{0D308259-4675-4D28-A298-34137B15B98A}.Release|Any CPU.Build.0 = Release|Any CPU
		{4D65E2E6-001B-4ED2-85C8-B5BE226068EA}.Debug|Any CPU.ActiveCfg = Debug|Any CPU
		{4D65E2E6-001B-4ED2-85C8-B5BE226068EA}.Debug|Any CPU.Build.0 = Debug|Any CPU
		{4D65E2E6-001B-4ED2-85C8-B5BE226068EA}.Release|Any CPU.ActiveCfg = Release|Any CPU
		{4D65E2E6-001B-4ED2-85C8-B5BE226068EA}.Release|Any CPU.Build.0 = Release|Any CPU
	EndGlobalSection
	GlobalSection(SolutionProperties) = preSolution
		HideSolutionNode = FALSE
	EndGlobalSection
EndGlobal
